
Microsoft Visual Studio Solution File, Format Version 12.00
# Visual Studio 2013
VisualStudioVersion = 12.0.31101.0
MinimumVisualStudioVersion = 10.0.40219.1
Project("{FAE04EC0-301F-11D3-BF4B-00C04F79EFBC}") = "testing", "testing\testing.csproj", "{3DE010B7-3F9D-4B2B-BB49-1305BD5DF903}"
EndProject
Project("{FAE04EC0-301F-11D3-BF4B-00C04F79EFBC}") = "testingForms", "testingForms\testingForms.csproj", "{D608F1D2-A1F7-4128-B2BB-FACC5FA0A272}"
EndProject
Project("{F184B08F-C81C-45F6-A57F-5ABD9991F28F}") = "testingVB", "testingVB\testingVB.vbproj", "{4681C6A5-0980-4899-A91C-4A97BC120826}"
EndProject
Project("{FAE04EC0-301F-11D3-BF4B-00C04F79EFBC}") = "testingUnitTest", "testingUnitTest\testingUnitTest.csproj", "{AAA88447-9DE2-48AB-8709-DA04D90986ED}"
EndProject
Project("{FAE04EC0-301F-11D3-BF4B-00C04F79EFBC}") = "TestingAntlrGrammar", "TestingAntlrGrammar\TestingAntlrGrammar.csproj", "{ED19EEE6-1416-4D99-8AD1-B1FC66F3A4A7}"
EndProject
Project("{FAE04EC0-301F-11D3-BF4B-00C04F79EFBC}") = "TestingAntlr", "TestingAntlr\TestingAntlr.csproj", "{C8F23914-45FA-4E57-B4D3-5F610A14B2BB}"
EndProject
Global
	GlobalSection(SolutionConfigurationPlatforms) = preSolution
		Debug|Any CPU = Debug|Any CPU
		Debug|Mixed Platforms = Debug|Mixed Platforms
		Debug|x86 = Debug|x86
		Release|Any CPU = Release|Any CPU
		Release|Mixed Platforms = Release|Mixed Platforms
		Release|x86 = Release|x86
	EndGlobalSection
	GlobalSection(ProjectConfigurationPlatforms) = postSolution
		{3DE010B7-3F9D-4B2B-BB49-1305BD5DF903}.Debug|Any CPU.ActiveCfg = Debug|x86
		{3DE010B7-3F9D-4B2B-BB49-1305BD5DF903}.Debug|Mixed Platforms.ActiveCfg = Debug|x86
		{3DE010B7-3F9D-4B2B-BB49-1305BD5DF903}.Debug|Mixed Platforms.Build.0 = Debug|x86
		{3DE010B7-3F9D-4B2B-BB49-1305BD5DF903}.Debug|x86.ActiveCfg = Debug|x86
		{3DE010B7-3F9D-4B2B-BB49-1305BD5DF903}.Debug|x86.Build.0 = Debug|x86
		{3DE010B7-3F9D-4B2B-BB49-1305BD5DF903}.Release|Any CPU.ActiveCfg = Release|x86
		{3DE010B7-3F9D-4B2B-BB49-1305BD5DF903}.Release|Mixed Platforms.ActiveCfg = Release|x86
		{3DE010B7-3F9D-4B2B-BB49-1305BD5DF903}.Release|Mixed Platforms.Build.0 = Release|x86
		{3DE010B7-3F9D-4B2B-BB49-1305BD5DF903}.Release|x86.ActiveCfg = Release|x86
		{3DE010B7-3F9D-4B2B-BB49-1305BD5DF903}.Release|x86.Build.0 = Release|x86
		{D608F1D2-A1F7-4128-B2BB-FACC5FA0A272}.Debug|Any CPU.ActiveCfg = Debug|x86
		{D608F1D2-A1F7-4128-B2BB-FACC5FA0A272}.Debug|Mixed Platforms.ActiveCfg = Debug|x86
		{D608F1D2-A1F7-4128-B2BB-FACC5FA0A272}.Debug|Mixed Platforms.Build.0 = Debug|x86
		{D608F1D2-A1F7-4128-B2BB-FACC5FA0A272}.Debug|x86.ActiveCfg = Debug|x86
		{D608F1D2-A1F7-4128-B2BB-FACC5FA0A272}.Debug|x86.Build.0 = Debug|x86
		{D608F1D2-A1F7-4128-B2BB-FACC5FA0A272}.Release|Any CPU.ActiveCfg = Release|x86
		{D608F1D2-A1F7-4128-B2BB-FACC5FA0A272}.Release|Mixed Platforms.ActiveCfg = Release|x86
		{D608F1D2-A1F7-4128-B2BB-FACC5FA0A272}.Release|Mixed Platforms.Build.0 = Release|x86
		{D608F1D2-A1F7-4128-B2BB-FACC5FA0A272}.Release|x86.ActiveCfg = Release|x86
		{D608F1D2-A1F7-4128-B2BB-FACC5FA0A272}.Release|x86.Build.0 = Release|x86
		{4681C6A5-0980-4899-A91C-4A97BC120826}.Debug|Any CPU.ActiveCfg = Debug|Any CPU
		{4681C6A5-0980-4899-A91C-4A97BC120826}.Debug|Any CPU.Build.0 = Debug|Any CPU
		{4681C6A5-0980-4899-A91C-4A97BC120826}.Debug|Mixed Platforms.ActiveCfg = Debug|Any CPU
		{4681C6A5-0980-4899-A91C-4A97BC120826}.Debug|Mixed Platforms.Build.0 = Debug|Any CPU
		{4681C6A5-0980-4899-A91C-4A97BC120826}.Debug|x86.ActiveCfg = Debug|Any CPU
		{4681C6A5-0980-4899-A91C-4A97BC120826}.Release|Any CPU.ActiveCfg = Release|Any CPU
		{4681C6A5-0980-4899-A91C-4A97BC120826}.Release|Any CPU.Build.0 = Release|Any CPU
		{4681C6A5-0980-4899-A91C-4A97BC120826}.Release|Mixed Platforms.ActiveCfg = Release|Any CPU
		{4681C6A5-0980-4899-A91C-4A97BC120826}.Release|Mixed Platforms.Build.0 = Release|Any CPU
		{4681C6A5-0980-4899-A91C-4A97BC120826}.Release|x86.ActiveCfg = Release|Any CPU
		{AAA88447-9DE2-48AB-8709-DA04D90986ED}.Debug|Any CPU.ActiveCfg = Debug|Any CPU
		{AAA88447-9DE2-48AB-8709-DA04D90986ED}.Debug|Any CPU.Build.0 = Debug|Any CPU
		{AAA88447-9DE2-48AB-8709-DA04D90986ED}.Debug|Mixed Platforms.ActiveCfg = Debug|Any CPU
		{AAA88447-9DE2-48AB-8709-DA04D90986ED}.Debug|Mixed Platforms.Build.0 = Debug|Any CPU
		{AAA88447-9DE2-48AB-8709-DA04D90986ED}.Debug|x86.ActiveCfg = Debug|Any CPU
		{AAA88447-9DE2-48AB-8709-DA04D90986ED}.Release|Any CPU.ActiveCfg = Release|Any CPU
		{AAA88447-9DE2-48AB-8709-DA04D90986ED}.Release|Any CPU.Build.0 = Release|Any CPU
		{AAA88447-9DE2-48AB-8709-DA04D90986ED}.Release|Mixed Platforms.ActiveCfg = Release|Any CPU
		{AAA88447-9DE2-48AB-8709-DA04D90986ED}.Release|Mixed Platforms.Build.0 = Release|Any CPU
		{AAA88447-9DE2-48AB-8709-DA04D90986ED}.Release|x86.ActiveCfg = Release|Any CPU
		{ED19EEE6-1416-4D99-8AD1-B1FC66F3A4A7}.Debug|Any CPU.ActiveCfg = Debug|Any CPU
		{ED19EEE6-1416-4D99-8AD1-B1FC66F3A4A7}.Debug|Any CPU.Build.0 = Debug|Any CPU
		{ED19EEE6-1416-4D99-8AD1-B1FC66F3A4A7}.Debug|Mixed Platforms.ActiveCfg = Debug|Any CPU
		{ED19EEE6-1416-4D99-8AD1-B1FC66F3A4A7}.Debug|Mixed Platforms.Build.0 = Debug|Any CPU
		{ED19EEE6-1416-4D99-8AD1-B1FC66F3A4A7}.Debug|x86.ActiveCfg = Debug|Any CPU
		{ED19EEE6-1416-4D99-8AD1-B1FC66F3A4A7}.Release|Any CPU.ActiveCfg = Release|Any CPU
		{ED19EEE6-1416-4D99-8AD1-B1FC66F3A4A7}.Release|Any CPU.Build.0 = Release|Any CPU
		{ED19EEE6-1416-4D99-8AD1-B1FC66F3A4A7}.Release|Mixed Platforms.ActiveCfg = Release|Any CPU
		{ED19EEE6-1416-4D99-8AD1-B1FC66F3A4A7}.Release|Mixed Platforms.Build.0 = Release|Any CPU
		{ED19EEE6-1416-4D99-8AD1-B1FC66F3A4A7}.Release|x86.ActiveCfg = Release|Any CPU
		{C8F23914-45FA-4E57-B4D3-5F610A14B2BB}.Debug|Any CPU.ActiveCfg = Debug|Any CPU
		{C8F23914-45FA-4E57-B4D3-5F610A14B2BB}.Debug|Any CPU.Build.0 = Debug|Any CPU
		{C8F23914-45FA-4E57-B4D3-5F610A14B2BB}.Debug|Mixed Platforms.ActiveCfg = Debug|Any CPU
		{C8F23914-45FA-4E57-B4D3-5F610A14B2BB}.Debug|Mixed Platforms.Build.0 = Debug|Any CPU
		{C8F23914-45FA-4E57-B4D3-5F610A14B2BB}.Debug|x86.ActiveCfg = Debug|Any CPU
		{C8F23914-45FA-4E57-B4D3-5F610A14B2BB}.Release|Any CPU.ActiveCfg = Release|Any CPU
		{C8F23914-45FA-4E57-B4D3-5F610A14B2BB}.Release|Any CPU.Build.0 = Release|Any CPU
		{C8F23914-45FA-4E57-B4D3-5F610A14B2BB}.Release|Mixed Platforms.ActiveCfg = Release|Any CPU
		{C8F23914-45FA-4E57-B4D3-5F610A14B2BB}.Release|Mixed Platforms.Build.0 = Release|Any CPU
		{C8F23914-45FA-4E57-B4D3-5F610A14B2BB}.Release|x86.ActiveCfg = Release|Any CPU
	EndGlobalSection
	GlobalSection(SolutionProperties) = preSolution
		HideSolutionNode = FALSE
	EndGlobalSection
EndGlobal
