
Microsoft Visual Studio Solution File, Format Version 12.00
# Visual Studio 2013
VisualStudioVersion = 12.0.31101.0
MinimumVisualStudioVersion = 10.0.40219.1
Project("{FAE04EC0-301F-11D3-BF4B-00C04F79EFBC}") = "MvcDemo", "MvcDemo\MvcDemo.csproj", "{987E46C4-5F19-4598-B37A-6445F861AE33}"
EndProject
Project("{FAE04EC0-301F-11D3-BF4B-00C04F79EFBC}") = "MvcDemo.Tests", "MvcDemo.Tests\MvcDemo.Tests.csproj", "{143494C2-E213-4820-8BED-0295ECC6E3B4}"
EndProject
Global
	GlobalSection(SolutionConfigurationPlatforms) = preSolution
		Debug|Any CPU = Debug|Any CPU
		Release|Any CPU = Release|Any CPU
	EndGlobalSection
	GlobalSection(ProjectConfigurationPlatforms) = postSolution
		{987E46C4-5F19-4598-B37A-6445F861AE33}.Debug|Any CPU.ActiveCfg = Debug|Any CPU
		{987E46C4-5F19-4598-B37A-6445F861AE33}.Debug|Any CPU.Build.0 = Debug|Any CPU
		{987E46C4-5F19-4598-B37A-6445F861AE33}.Release|Any CPU.ActiveCfg = Release|Any CPU
		{987E46C4-5F19-4598-B37A-6445F861AE33}.Release|Any CPU.Build.0 = Release|Any CPU
		{143494C2-E213-4820-8BED-0295ECC6E3B4}.Debug|Any CPU.ActiveCfg = Debug|Any CPU
		{143494C2-E213-4820-8BED-0295ECC6E3B4}.Debug|Any CPU.Build.0 = Debug|Any CPU
		{143494C2-E213-4820-8BED-0295ECC6E3B4}.Release|Any CPU.ActiveCfg = Release|Any CPU
		{143494C2-E213-4820-8BED-0295ECC6E3B4}.Release|Any CPU.Build.0 = Release|Any CPU
	EndGlobalSection
	GlobalSection(SolutionProperties) = preSolution
		HideSolutionNode = FALSE
	EndGlobalSection
EndGlobal
